
Microsoft Visual Studio Solution File, Format Version 12.00
Project("{FAE04EC0-301F-11D3-BF4B-00C04F79EFBC}") = "Lab08-DiegoBejarano", "Lab08-DiegoBejarano\Lab08-DiegoBejarano.csproj", "{1B0649E2-7899-4312-A984-4DAB91B6B3F0}"
EndProject
Global
	GlobalSection(SolutionConfigurationPlatforms) = preSolution
		Debug|Any CPU = Debug|Any CPU
		Release|Any CPU = Release|Any CPU
	EndGlobalSection
	GlobalSection(ProjectConfigurationPlatforms) = postSolution
		{1B0649E2-7899-4312-A984-4DAB91B6B3F0}.Debug|Any CPU.ActiveCfg = Debug|Any CPU
		{1B0649E2-7899-4312-A984-4DAB91B6B3F0}.Debug|Any CPU.Build.0 = Debug|Any CPU
		{1B0649E2-7899-4312-A984-4DAB91B6B3F0}.Release|Any CPU.ActiveCfg = Release|Any CPU
		{1B0649E2-7899-4312-A984-4DAB91B6B3F0}.Release|Any CPU.Build.0 = Release|Any CPU
	EndGlobalSection
EndGlobal
